
Microsoft Visual Studio Solution File, Format Version 12.00
# Visual Studio 15
Project("{FAE04EC0-301F-11D3-BF4B-00C04F79EFBC}") = "PaymentService", "PaymentService.csproj", "{EB113A61-6E5C-4DF5-BA6D-C7216F96DFA7}"
EndProject
Global
	GlobalSection(SolutionConfigurationPlatforms) = preSolution
		Debug|Any CPU = Debug|Any CPU
		Release|Any CPU = Release|Any CPU
	EndGlobalSection
	GlobalSection(ProjectConfigurationPlatforms) = postSolution
		{EB113A61-6E5C-4DF5-BA6D-C7216F96DFA7}.Debug|Any CPU.ActiveCfg = Debug|Any CPU
		{EB113A61-6E5C-4DF5-BA6D-C7216F96DFA7}.Debug|Any CPU.Build.0 = Debug|Any CPU
		{EB113A61-6E5C-4DF5-BA6D-C7216F96DFA7}.Release|Any CPU.ActiveCfg = Release|Any CPU
		{EB113A61-6E5C-4DF5-BA6D-C7216F96DFA7}.Release|Any CPU.Build.0 = Release|Any CPU
	EndGlobalSection
EndGlobal
